
Microsoft Visual Studio Solution File, Format Version 12.00
# Visual Studio Version 16
VisualStudioVersion = 16.0.31129.286
MinimumVisualStudioVersion = 10.0.40219.1
Project("{FAE04EC0-301F-11D3-BF4B-00C04F79EFBC}") = "JuradoDeElecciones", "JuradoDeElecciones\JuradoDeElecciones.csproj", "{A539FA17-9D25-4922-85C3-A916A0306D3D}"
EndProject
Global
	GlobalSection(SolutionConfigurationPlatforms) = preSolution
		Debug|Any CPU = Debug|Any CPU
		Release|Any CPU = Release|Any CPU
	EndGlobalSection
	GlobalSection(ProjectConfigurationPlatforms) = postSolution
		{A539FA17-9D25-4922-85C3-A916A0306D3D}.Debug|Any CPU.ActiveCfg = Debug|Any CPU
		{A539FA17-9D25-4922-85C3-A916A0306D3D}.Debug|Any CPU.Build.0 = Debug|Any CPU
		{A539FA17-9D25-4922-85C3-A916A0306D3D}.Release|Any CPU.ActiveCfg = Release|Any CPU
		{A539FA17-9D25-4922-85C3-A916A0306D3D}.Release|Any CPU.Build.0 = Release|Any CPU
	EndGlobalSection
	GlobalSection(SolutionProperties) = preSolution
		HideSolutionNode = FALSE
	EndGlobalSection
	GlobalSection(ExtensibilityGlobals) = postSolution
		SolutionGuid = {BFA9E1FD-C487-48A0-8C2F-861ABE2D1C2D}
	EndGlobalSection
EndGlobal
