
Microsoft Visual Studio Solution File, Format Version 12.00
# Visual Studio Version 17
VisualStudioVersion = 17.1.32319.34
MinimumVisualStudioVersion = 10.0.40219.1
Project("{FAE04EC0-301F-11D3-BF4B-00C04F79EFBC}") = "CopyFiles", "CopyFiles\CopyFiles.csproj", "{0E777093-21C4-4017-851A-7CBDCC743256}"
EndProject
Project("{54435603-DBB4-11D2-8724-00A0C9A8B90C}") = "Setup1", "Setup1\Setup1.vdproj", "{D7E9AE69-A019-4D1C-95E4-A3F93838275F}"
EndProject
Global
	GlobalSection(SolutionConfigurationPlatforms) = preSolution
		Debug|Any CPU = Debug|Any CPU
		Release|Any CPU = Release|Any CPU
	EndGlobalSection
	GlobalSection(ProjectConfigurationPlatforms) = postSolution
		{0E777093-21C4-4017-851A-7CBDCC743256}.Debug|Any CPU.ActiveCfg = Debug|Any CPU
		{0E777093-21C4-4017-851A-7CBDCC743256}.Debug|Any CPU.Build.0 = Debug|Any CPU
		{0E777093-21C4-4017-851A-7CBDCC743256}.Release|Any CPU.ActiveCfg = Release|Any CPU
		{0E777093-21C4-4017-851A-7CBDCC743256}.Release|Any CPU.Build.0 = Release|Any CPU
		{D7E9AE69-A019-4D1C-95E4-A3F93838275F}.Debug|Any CPU.ActiveCfg = Debug
		{D7E9AE69-A019-4D1C-95E4-A3F93838275F}.Release|Any CPU.ActiveCfg = Release
	EndGlobalSection
	GlobalSection(SolutionProperties) = preSolution
		HideSolutionNode = FALSE
	EndGlobalSection
	GlobalSection(ExtensibilityGlobals) = postSolution
		SolutionGuid = {AC6B6E7C-B37D-403B-A4C9-D54080880FB5}
	EndGlobalSection
EndGlobal
